
Microsoft Visual Studio Solution File, Format Version 12.00
# Visual Studio Version 17
VisualStudioVersion = 17.4.33213.308
MinimumVisualStudioVersion = 10.0.40219.1
Project("{9A19103F-16F7-4668-BE54-9A1E7A4F7556}") = "XProject.MVC", "XProject.MVC\XProject.MVC.csproj", "{BC50DA04-20EE-42DA-A96C-F7B8344FAEA7}"
EndProject
Project("{9A19103F-16F7-4668-BE54-9A1E7A4F7556}") = "XProject.Application", "XProject.Application\XProject.Application.csproj", "{72982462-DEBF-41A1-8FF4-15DE0D54878F}"
EndProject
Project("{2150E333-8FDC-42A3-9474-1A3956D46DE8}") = "Application", "Application", "{D0AAC0B1-A0F9-4747-A7A9-4D891D3C7EB6}"
EndProject
Project("{2150E333-8FDC-42A3-9474-1A3956D46DE8}") = "MVC", "MVC", "{247D04DB-187F-4706-99B4-641C38733F1D}"
EndProject
Project("{2150E333-8FDC-42A3-9474-1A3956D46DE8}") = "Infra.IOC", "Infra.IOC", "{18A2B10D-1931-4544-8DC1-E58876B52CF2}"
EndProject
Project("{9A19103F-16F7-4668-BE54-9A1E7A4F7556}") = "XProject.Infra.IOC", "XProject.Infra.IOC\XProject.Infra.IOC.csproj", "{54ED771B-58FE-4E8F-8403-AC423805490E}"
EndProject
Project("{2150E333-8FDC-42A3-9474-1A3956D46DE8}") = "Infra.Data", "Infra.Data", "{7F150EB7-9B9C-496F-ACB4-FFC5231878E0}"
EndProject
Project("{9A19103F-16F7-4668-BE54-9A1E7A4F7556}") = "XProject.Infra.Data", "XProject.Infra.Data\XProject.Infra.Data.csproj", "{A79E20E9-37CB-47C0-BFDF-73175D1E64E5}"
EndProject
Project("{2150E333-8FDC-42A3-9474-1A3956D46DE8}") = "Domain", "Domain", "{5CE4C7AE-F1F0-4C87-9190-EE037E5A046C}"
EndProject
Project("{9A19103F-16F7-4668-BE54-9A1E7A4F7556}") = "XProject.Domain", "XProject.Domain\XProject.Domain.csproj", "{0F83DEC1-9D4B-4E3A-AEB3-F9150CFD39DE}"
EndProject
Global
	GlobalSection(SolutionConfigurationPlatforms) = preSolution
		Debug|Any CPU = Debug|Any CPU
		Release|Any CPU = Release|Any CPU
	EndGlobalSection
	GlobalSection(ProjectConfigurationPlatforms) = postSolution
		{BC50DA04-20EE-42DA-A96C-F7B8344FAEA7}.Debug|Any CPU.ActiveCfg = Debug|Any CPU
		{BC50DA04-20EE-42DA-A96C-F7B8344FAEA7}.Debug|Any CPU.Build.0 = Debug|Any CPU
		{BC50DA04-20EE-42DA-A96C-F7B8344FAEA7}.Release|Any CPU.ActiveCfg = Release|Any CPU
		{BC50DA04-20EE-42DA-A96C-F7B8344FAEA7}.Release|Any CPU.Build.0 = Release|Any CPU
		{72982462-DEBF-41A1-8FF4-15DE0D54878F}.Debug|Any CPU.ActiveCfg = Debug|Any CPU
		{72982462-DEBF-41A1-8FF4-15DE0D54878F}.Debug|Any CPU.Build.0 = Debug|Any CPU
		{72982462-DEBF-41A1-8FF4-15DE0D54878F}.Release|Any CPU.ActiveCfg = Release|Any CPU
		{72982462-DEBF-41A1-8FF4-15DE0D54878F}.Release|Any CPU.Build.0 = Release|Any CPU
		{54ED771B-58FE-4E8F-8403-AC423805490E}.Debug|Any CPU.ActiveCfg = Debug|Any CPU
		{54ED771B-58FE-4E8F-8403-AC423805490E}.Debug|Any CPU.Build.0 = Debug|Any CPU
		{54ED771B-58FE-4E8F-8403-AC423805490E}.Release|Any CPU.ActiveCfg = Release|Any CPU
		{54ED771B-58FE-4E8F-8403-AC423805490E}.Release|Any CPU.Build.0 = Release|Any CPU
		{A79E20E9-37CB-47C0-BFDF-73175D1E64E5}.Debug|Any CPU.ActiveCfg = Debug|Any CPU
		{A79E20E9-37CB-47C0-BFDF-73175D1E64E5}.Debug|Any CPU.Build.0 = Debug|Any CPU
		{A79E20E9-37CB-47C0-BFDF-73175D1E64E5}.Release|Any CPU.ActiveCfg = Release|Any CPU
		{A79E20E9-37CB-47C0-BFDF-73175D1E64E5}.Release|Any CPU.Build.0 = Release|Any CPU
		{0F83DEC1-9D4B-4E3A-AEB3-F9150CFD39DE}.Debug|Any CPU.ActiveCfg = Debug|Any CPU
		{0F83DEC1-9D4B-4E3A-AEB3-F9150CFD39DE}.Debug|Any CPU.Build.0 = Debug|Any CPU
		{0F83DEC1-9D4B-4E3A-AEB3-F9150CFD39DE}.Release|Any CPU.ActiveCfg = Release|Any CPU
		{0F83DEC1-9D4B-4E3A-AEB3-F9150CFD39DE}.Release|Any CPU.Build.0 = Release|Any CPU
	EndGlobalSection
	GlobalSection(SolutionProperties) = preSolution
		HideSolutionNode = FALSE
	EndGlobalSection
	GlobalSection(NestedProjects) = preSolution
		{BC50DA04-20EE-42DA-A96C-F7B8344FAEA7} = {247D04DB-187F-4706-99B4-641C38733F1D}
		{72982462-DEBF-41A1-8FF4-15DE0D54878F} = {D0AAC0B1-A0F9-4747-A7A9-4D891D3C7EB6}
		{54ED771B-58FE-4E8F-8403-AC423805490E} = {18A2B10D-1931-4544-8DC1-E58876B52CF2}
		{A79E20E9-37CB-47C0-BFDF-73175D1E64E5} = {7F150EB7-9B9C-496F-ACB4-FFC5231878E0}
		{0F83DEC1-9D4B-4E3A-AEB3-F9150CFD39DE} = {5CE4C7AE-F1F0-4C87-9190-EE037E5A046C}
	EndGlobalSection
	GlobalSection(ExtensibilityGlobals) = postSolution
		SolutionGuid = {72D7C5C0-A757-4A8D-A307-AAF3E2FF9240}
	EndGlobalSection
EndGlobal
